// !$*UTF8*$!
{
	archiveVersion = 1;
	classes = {
	};
	objectVersion = 48;
	objects = {

/* Begin PBXBuildFile section */
		072A75E8DFCF07C4E463CC80 /* Pods_GroceryBuddy.framework in Frameworks */ = {isa = PBXBuildFile; fileRef = A090DB0DC69FA978663072B0 /* Pods_GroceryBuddy.framework */; };
		10847ABD1F91ED4F00729017 /* AppDelegate.swift in Sources */ = {isa = PBXBuildFile; fileRef = 10847ABC1F91ED4F00729017 /* AppDelegate.swift */; };
		10847ABF1F91ED4F00729017 /* GroceryPhotoController.swift in Sources */ = {isa = PBXBuildFile; fileRef = 10847ABE1F91ED4F00729017 /* GroceryPhotoController.swift */; };
		10847AC11F91ED4F00729017 /* GroceryDetailController.swift in Sources */ = {isa = PBXBuildFile; fileRef = 10847AC01F91ED4F00729017 /* GroceryDetailController.swift */; };
		10847AC41F91ED4F00729017 /* Main.storyboard in Resources */ = {isa = PBXBuildFile; fileRef = 10847AC21F91ED4F00729017 /* Main.storyboard */; };
		10847AC61F91ED4F00729017 /* Assets.xcassets in Resources */ = {isa = PBXBuildFile; fileRef = 10847AC51F91ED4F00729017 /* Assets.xcassets */; };
		10847AC91F91ED4F00729017 /* LaunchScreen.storyboard in Resources */ = {isa = PBXBuildFile; fileRef = 10847AC71F91ED4F00729017 /* LaunchScreen.storyboard */; };
		10847AD41F91ED4F00729017 /* GroceryBuddyTests.swift in Sources */ = {isa = PBXBuildFile; fileRef = 10847AD31F91ED4F00729017 /* GroceryBuddyTests.swift */; };
		10847ADF1F91ED4F00729017 /* GroceryBuddyUITests.swift in Sources */ = {isa = PBXBuildFile; fileRef = 10847ADE1F91ED4F00729017 /* GroceryBuddyUITests.swift */; };
		10D8037B1F9283AA00D19133 /* GroceryPhoto.swift in Sources */ = {isa = PBXBuildFile; fileRef = 10D8037A1F9283AA00D19133 /* GroceryPhoto.swift */; };
		B8CD3708715264CA739A6630 /* Pods_GroceryBuddyTests.framework in Frameworks */ = {isa = PBXBuildFile; fileRef = E16014BD98ADD66D938DB397 /* Pods_GroceryBuddyTests.framework */; };
		E1C477A4DAFD338667989EA0 /* Pods_GroceryBuddyUITests.framework in Frameworks */ = {isa = PBXBuildFile; fileRef = D10E718FB8E546BCAFB78DB6 /* Pods_GroceryBuddyUITests.framework */; };
/* End PBXBuildFile section */

/* Begin PBXContainerItemProxy section */
		10847AD01F91ED4F00729017 /* PBXContainerItemProxy */ = {
			isa = PBXContainerItemProxy;
			containerPortal = 10847AB11F91ED4F00729017 /* Project object */;
			proxyType = 1;
			remoteGlobalIDString = 10847AB81F91ED4F00729017;
			remoteInfo = GroceryBuddy;
		};
		10847ADB1F91ED4F00729017 /* PBXContainerItemProxy */ = {
			isa = PBXContainerItemProxy;
			containerPortal = 10847AB11F91ED4F00729017 /* Project object */;
			proxyType = 1;
			remoteGlobalIDString = 10847AB81F91ED4F00729017;
			remoteInfo = GroceryBuddy;
		};
/* End PBXContainerItemProxy section */

/* Begin PBXFileReference section */
		10847AB91F91ED4F00729017 /* GroceryBuddy.app */ = {isa = PBXFileReference; explicitFileType = wrapper.application; includeInIndex = 0; path = GroceryBuddy.app; sourceTree = BUILT_PRODUCTS_DIR; };
		10847ABC1F91ED4F00729017 /* AppDelegate.swift */ = {isa = PBXFileReference; lastKnownFileType = sourcecode.swift; path = AppDelegate.swift; sourceTree = "<group>"; };
		10847ABE1F91ED4F00729017 /* GroceryPhotoController.swift */ = {isa = PBXFileReference; lastKnownFileType = sourcecode.swift; path = GroceryPhotoController.swift; sourceTree = "<group>"; };
		10847AC01F91ED4F00729017 /* GroceryDetailController.swift */ = {isa = PBXFileReference; lastKnownFileType = sourcecode.swift; path = GroceryDetailController.swift; sourceTree = "<group>"; };
		10847AC31F91ED4F00729017 /* Base */ = {isa = PBXFileReference; lastKnownFileType = file.storyboard; name = Base; path = Base.lproj/Main.storyboard; sourceTree = "<group>"; };
		10847AC51F91ED4F00729017 /* Assets.xcassets */ = {isa = PBXFileReference; lastKnownFileType = folder.assetcatalog; path = Assets.xcassets; sourceTree = "<group>"; };
		10847AC81F91ED4F00729017 /* Base */ = {isa = PBXFileReference; lastKnownFileType = file.storyboard; name = Base; path = Base.lproj/LaunchScreen.storyboard; sourceTree = "<group>"; };
		10847ACA1F91ED4F00729017 /* Info.plist */ = {isa = PBXFileReference; lastKnownFileType = text.plist.xml; path = Info.plist; sourceTree = "<group>"; };
		10847ACF1F91ED4F00729017 /* GroceryBuddyTests.xctest */ = {isa = PBXFileReference; explicitFileType = wrapper.cfbundle; includeInIndex = 0; path = GroceryBuddyTests.xctest; sourceTree = BUILT_PRODUCTS_DIR; };
		10847AD31F91ED4F00729017 /* GroceryBuddyTests.swift */ = {isa = PBXFileReference; lastKnownFileType = sourcecode.swift; path = GroceryBuddyTests.swift; sourceTree = "<group>"; };
		10847AD51F91ED4F00729017 /* Info.plist */ = {isa = PBXFileReference; lastKnownFileType = text.plist.xml; path = Info.plist; sourceTree = "<group>"; };
		10847ADA1F91ED4F00729017 /* GroceryBuddyUITests.xctest */ = {isa = PBXFileReference; explicitFileType = wrapper.cfbundle; includeInIndex = 0; path = GroceryBuddyUITests.xctest; sourceTree = BUILT_PRODUCTS_DIR; };
		10847ADE1F91ED4F00729017 /* GroceryBuddyUITests.swift */ = {isa = PBXFileReference; lastKnownFileType = sourcecode.swift; path = GroceryBuddyUITests.swift; sourceTree = "<group>"; };
		10847AE01F91ED4F00729017 /* Info.plist */ = {isa = PBXFileReference; lastKnownFileType = text.plist.xml; path = Info.plist; sourceTree = "<group>"; };
		10D8037A1F9283AA00D19133 /* GroceryPhoto.swift */ = {isa = PBXFileReference; lastKnownFileType = sourcecode.swift; path = GroceryPhoto.swift; sourceTree = "<group>"; };
		15802855D3A418B322FC28F7 /* Pods-GroceryBuddy.debug.xcconfig */ = {isa = PBXFileReference; includeInIndex = 1; lastKnownFileType = text.xcconfig; name = "Pods-GroceryBuddy.debug.xcconfig"; path = "Pods/Target Support Files/Pods-GroceryBuddy/Pods-GroceryBuddy.debug.xcconfig"; sourceTree = "<group>"; };
		2D20B7A2FBED768984F2AA16 /* Pods-GroceryBuddyUITests.debug.xcconfig */ = {isa = PBXFileReference; includeInIndex = 1; lastKnownFileType = text.xcconfig; name = "Pods-GroceryBuddyUITests.debug.xcconfig"; path = "Pods/Target Support Files/Pods-GroceryBuddyUITests/Pods-GroceryBuddyUITests.debug.xcconfig"; sourceTree = "<group>"; };
		425577D9AE35D996B3403D3D /* Pods-GroceryBuddyTests.debug.xcconfig */ = {isa = PBXFileReference; includeInIndex = 1; lastKnownFileType = text.xcconfig; name = "Pods-GroceryBuddyTests.debug.xcconfig"; path = "Pods/Target Support Files/Pods-GroceryBuddyTests/Pods-GroceryBuddyTests.debug.xcconfig"; sourceTree = "<group>"; };
		50B82906BFA79935CCE4E006 /* Pods-GroceryBuddy.release.xcconfig */ = {isa = PBXFileReference; includeInIndex = 1; lastKnownFileType = text.xcconfig; name = "Pods-GroceryBuddy.release.xcconfig"; path = "Pods/Target Support Files/Pods-GroceryBuddy/Pods-GroceryBuddy.release.xcconfig"; sourceTree = "<group>"; };
		5EAAF495918611397B230ED2 /* Pods-GroceryBuddyTests.release.xcconfig */ = {isa = PBXFileReference; includeInIndex = 1; lastKnownFileType = text.xcconfig; name = "Pods-GroceryBuddyTests.release.xcconfig"; path = "Pods/Target Support Files/Pods-GroceryBuddyTests/Pods-GroceryBuddyTests.release.xcconfig"; sourceTree = "<group>"; };
		A090DB0DC69FA978663072B0 /* Pods_GroceryBuddy.framework */ = {isa = PBXFileReference; explicitFileType = wrapper.framework; includeInIndex = 0; path = Pods_GroceryBuddy.framework; sourceTree = BUILT_PRODUCTS_DIR; };
		A89956B33052075B990C7491 /* Pods-GroceryBuddyUITests.release.xcconfig */ = {isa = PBXFileReference; includeInIndex = 1; lastKnownFileType = text.xcconfig; name = "Pods-GroceryBuddyUITests.release.xcconfig"; path = "Pods/Target Support Files/Pods-GroceryBuddyUITests/Pods-GroceryBuddyUITests.release.xcconfig"; sourceTree = "<group>"; };
		D10E718FB8E546BCAFB78DB6 /* Pods_GroceryBuddyUITests.framework */ = {isa = PBXFileReference; explicitFileType = wrapper.framework; includeInIndex = 0; path = Pods_GroceryBuddyUITests.framework; sourceTree = BUILT_PRODUCTS_DIR; };
		E16014BD98ADD66D938DB397 /* Pods_GroceryBuddyTests.framework */ = {isa = PBXFileReference; explicitFileType = wrapper.framework; includeInIndex = 0; path = Pods_GroceryBuddyTests.framework; sourceTree = BUILT_PRODUCTS_DIR; };
/* End PBXFileReference section */

/* Begin PBXFrameworksBuildPhase section */
		10847AB61F91ED4F00729017 /* Frameworks */ = {
			isa = PBXFrameworksBuildPhase;
			buildActionMask = 2147483647;
			files = (
				072A75E8DFCF07C4E463CC80 /* Pods_GroceryBuddy.framework in Frameworks */,
			);
			runOnlyForDeploymentPostprocessing = 0;
		};
		10847ACC1F91ED4F00729017 /* Frameworks */ = {
			isa = PBXFrameworksBuildPhase;
			buildActionMask = 2147483647;
			files = (
				B8CD3708715264CA739A6630 /* Pods_GroceryBuddyTests.framework in Frameworks */,
			);
			runOnlyForDeploymentPostprocessing = 0;
		};
		10847AD71F91ED4F00729017 /* Frameworks */ = {
			isa = PBXFrameworksBuildPhase;
			buildActionMask = 2147483647;
			files = (
				E1C477A4DAFD338667989EA0 /* Pods_GroceryBuddyUITests.framework in Frameworks */,
			);
			runOnlyForDeploymentPostprocessing = 0;
		};
/* End PBXFrameworksBuildPhase section */

/* Begin PBXGroup section */
		10847AB01F91ED4F00729017 = {
			isa = PBXGroup;
			children = (
				10847ABB1F91ED4F00729017 /* GroceryBuddy */,
				10847AD21F91ED4F00729017 /* GroceryBuddyTests */,
				10847ADD1F91ED4F00729017 /* GroceryBuddyUITests */,
				10847ABA1F91ED4F00729017 /* Products */,
				22133F286DD0860DFB783F34 /* Pods */,
				C7E16046BF00C0087BB554FB /* Frameworks */,
			);
			sourceTree = "<group>";
		};
		10847ABA1F91ED4F00729017 /* Products */ = {
			isa = PBXGroup;
			children = (
				10847AB91F91ED4F00729017 /* GroceryBuddy.app */,
				10847ACF1F91ED4F00729017 /* GroceryBuddyTests.xctest */,
				10847ADA1F91ED4F00729017 /* GroceryBuddyUITests.xctest */,
			);
			name = Products;
			sourceTree = "<group>";
		};
		10847ABB1F91ED4F00729017 /* GroceryBuddy */ = {
			isa = PBXGroup;
			children = (
				10847AEE1F91F5A900729017 /* controller */,
				10847AEC1F91F58900729017 /* model */,
				10847ABC1F91ED4F00729017 /* AppDelegate.swift */,
				10847AC21F91ED4F00729017 /* Main.storyboard */,
				10847AC51F91ED4F00729017 /* Assets.xcassets */,
				10847AC71F91ED4F00729017 /* LaunchScreen.storyboard */,
				10847ACA1F91ED4F00729017 /* Info.plist */,
			);
			path = GroceryBuddy;
			sourceTree = "<group>";
		};
		10847AD21F91ED4F00729017 /* GroceryBuddyTests */ = {
			isa = PBXGroup;
			children = (
				10847AD31F91ED4F00729017 /* GroceryBuddyTests.swift */,
				10847AD51F91ED4F00729017 /* Info.plist */,
			);
			path = GroceryBuddyTests;
			sourceTree = "<group>";
		};
		10847ADD1F91ED4F00729017 /* GroceryBuddyUITests */ = {
			isa = PBXGroup;
			children = (
				10847ADE1F91ED4F00729017 /* GroceryBuddyUITests.swift */,
				10847AE01F91ED4F00729017 /* Info.plist */,
			);
			path = GroceryBuddyUITests;
			sourceTree = "<group>";
		};
		10847AEC1F91F58900729017 /* model */ = {
			isa = PBXGroup;
			children = (
				10D8037A1F9283AA00D19133 /* GroceryPhoto.swift */,
			);
			path = model;
			sourceTree = "<group>";
		};
		10847AEE1F91F5A900729017 /* controller */ = {
			isa = PBXGroup;
			children = (
				10847ABE1F91ED4F00729017 /* GroceryPhotoController.swift */,
				10847AC01F91ED4F00729017 /* GroceryDetailController.swift */,
			);
			path = controller;
			sourceTree = "<group>";
		};
		22133F286DD0860DFB783F34 /* Pods */ = {
			isa = PBXGroup;
			children = (
				15802855D3A418B322FC28F7 /* Pods-GroceryBuddy.debug.xcconfig */,
				50B82906BFA79935CCE4E006 /* Pods-GroceryBuddy.release.xcconfig */,
				425577D9AE35D996B3403D3D /* Pods-GroceryBuddyTests.debug.xcconfig */,
				5EAAF495918611397B230ED2 /* Pods-GroceryBuddyTests.release.xcconfig */,
				2D20B7A2FBED768984F2AA16 /* Pods-GroceryBuddyUITests.debug.xcconfig */,
				A89956B33052075B990C7491 /* Pods-GroceryBuddyUITests.release.xcconfig */,
			);
			name = Pods;
			sourceTree = "<group>";
		};
		C7E16046BF00C0087BB554FB /* Frameworks */ = {
			isa = PBXGroup;
			children = (
				A090DB0DC69FA978663072B0 /* Pods_GroceryBuddy.framework */,
				E16014BD98ADD66D938DB397 /* Pods_GroceryBuddyTests.framework */,
				D10E718FB8E546BCAFB78DB6 /* Pods_GroceryBuddyUITests.framework */,
			);
			name = Frameworks;
			sourceTree = "<group>";
		};
/* End PBXGroup section */

/* Begin PBXNativeTarget section */
		10847AB81F91ED4F00729017 /* GroceryBuddy */ = {
			isa = PBXNativeTarget;
			buildConfigurationList = 10847AE31F91ED4F00729017 /* Build configuration list for PBXNativeTarget "GroceryBuddy" */;
			buildPhases = (
				E89FE92970C1E4903845F061 /* [CP] Check Pods Manifest.lock */,
				10847AB51F91ED4F00729017 /* Sources */,
				10847AB61F91ED4F00729017 /* Frameworks */,
				10847AB71F91ED4F00729017 /* Resources */,
				A35E311B0C062003B7F7A057 /* [CP] Embed Pods Frameworks */,
				C1D79B252573BD731A89272A /* [CP] Copy Pods Resources */,
			);
			buildRules = (
			);
			dependencies = (
			);
			name = GroceryBuddy;
			productName = GroceryBuddy;
			productReference = 10847AB91F91ED4F00729017 /* GroceryBuddy.app */;
			productType = "com.apple.product-type.application";
		};
		10847ACE1F91ED4F00729017 /* GroceryBuddyTests */ = {
			isa = PBXNativeTarget;
			buildConfigurationList = 10847AE61F91ED4F00729017 /* Build configuration list for PBXNativeTarget "GroceryBuddyTests" */;
			buildPhases = (
				966D53AE1D8304A6A6F8F495 /* [CP] Check Pods Manifest.lock */,
				10847ACB1F91ED4F00729017 /* Sources */,
				10847ACC1F91ED4F00729017 /* Frameworks */,
				10847ACD1F91ED4F00729017 /* Resources */,
				CA13F8F68EF29AD24B2C9B00 /* [CP] Embed Pods Frameworks */,
				2FB1E986A5D9EF17E74E88CB /* [CP] Copy Pods Resources */,
			);
			buildRules = (
			);
			dependencies = (
				10847AD11F91ED4F00729017 /* PBXTargetDependency */,
			);
			name = GroceryBuddyTests;
			productName = GroceryBuddyTests;
			productReference = 10847ACF1F91ED4F00729017 /* GroceryBuddyTests.xctest */;
			productType = "com.apple.product-type.bundle.unit-test";
		};
		10847AD91F91ED4F00729017 /* GroceryBuddyUITests */ = {
			isa = PBXNativeTarget;
			buildConfigurationList = 10847AE91F91ED4F00729017 /* Build configuration list for PBXNativeTarget "GroceryBuddyUITests" */;
			buildPhases = (
				9419413404D12FBB9BC5682F /* [CP] Check Pods Manifest.lock */,
				10847AD61F91ED4F00729017 /* Sources */,
				10847AD71F91ED4F00729017 /* Frameworks */,
				10847AD81F91ED4F00729017 /* Resources */,
				5E3C7AC30FDD05205C5CEAE9 /* [CP] Embed Pods Frameworks */,
				CFD208373EB8EC3016A09729 /* [CP] Copy Pods Resources */,
			);
			buildRules = (
			);
			dependencies = (
				10847ADC1F91ED4F00729017 /* PBXTargetDependency */,
			);
			name = GroceryBuddyUITests;
			productName = GroceryBuddyUITests;
			productReference = 10847ADA1F91ED4F00729017 /* GroceryBuddyUITests.xctest */;
			productType = "com.apple.product-type.bundle.ui-testing";
		};
/* End PBXNativeTarget section */

/* Begin PBXProject section */
		10847AB11F91ED4F00729017 /* Project object */ = {
			isa = PBXProject;
			attributes = {
				LastSwiftUpdateCheck = 0900;
				LastUpgradeCheck = 0900;
				ORGANIZATIONNAME = "Kev's Concepts";
				TargetAttributes = {
					10847AB81F91ED4F00729017 = {
						CreatedOnToolsVersion = 9.0;
						ProvisioningStyle = Automatic;
					};
					10847ACE1F91ED4F00729017 = {
						CreatedOnToolsVersion = 9.0;
						ProvisioningStyle = Automatic;
						TestTargetID = 10847AB81F91ED4F00729017;
					};
					10847AD91F91ED4F00729017 = {
						CreatedOnToolsVersion = 9.0;
						ProvisioningStyle = Automatic;
						TestTargetID = 10847AB81F91ED4F00729017;
					};
				};
			};
			buildConfigurationList = 10847AB41F91ED4F00729017 /* Build configuration list for PBXProject "GroceryBuddy" */;
			compatibilityVersion = "Xcode 8.0";
			developmentRegion = en;
			hasScannedForEncodings = 0;
			knownRegions = (
				en,
				Base,
			);
			mainGroup = 10847AB01F91ED4F00729017;
			productRefGroup = 10847ABA1F91ED4F00729017 /* Products */;
			projectDirPath = "";
			projectRoot = "";
			targets = (
				10847AB81F91ED4F00729017 /* GroceryBuddy */,
				10847ACE1F91ED4F00729017 /* GroceryBuddyTests */,
				10847AD91F91ED4F00729017 /* GroceryBuddyUITests */,
			);
		};
/* End PBXProject section */

/* Begin PBXResourcesBuildPhase section */
		10847AB71F91ED4F00729017 /* Resources */ = {
			isa = PBXResourcesBuildPhase;
			buildActionMask = 2147483647;
			files = (
				10847AC91F91ED4F00729017 /* LaunchScreen.storyboard in Resources */,
				10847AC61F91ED4F00729017 /* Assets.xcassets in Resources */,
				10847AC41F91ED4F00729017 /* Main.storyboard in Resources */,
			);
			runOnlyForDeploymentPostprocessing = 0;
		};
		10847ACD1F91ED4F00729017 /* Resources */ = {
			isa = PBXResourcesBuildPhase;
			buildActionMask = 2147483647;
			files = (
			);
			runOnlyForDeploymentPostprocessing = 0;
		};
		10847AD81F91ED4F00729017 /* Resources */ = {
			isa = PBXResourcesBuildPhase;
			buildActionMask = 2147483647;
			files = (
			);
			runOnlyForDeploymentPostprocessing = 0;
		};
/* End PBXResourcesBuildPhase section */

/* Begin PBXShellScriptBuildPhase section */
		2FB1E986A5D9EF17E74E88CB /* [CP] Copy Pods Resources */ = {
			isa = PBXShellScriptBuildPhase;
			buildActionMask = 2147483647;
			files = (
			);
			inputPaths = (
			);
			name = "[CP] Copy Pods Resources";
			outputPaths = (
			);
			runOnlyForDeploymentPostprocessing = 0;
			shellPath = /bin/sh;
			shellScript = "\"${SRCROOT}/Pods/Target Support Files/Pods-GroceryBuddyTests/Pods-GroceryBuddyTests-resources.sh\"\n";
			showEnvVarsInLog = 0;
		};
		5E3C7AC30FDD05205C5CEAE9 /* [CP] Embed Pods Frameworks */ = {
			isa = PBXShellScriptBuildPhase;
			buildActionMask = 2147483647;
			files = (
			);
			inputPaths = (
			);
			name = "[CP] Embed Pods Frameworks";
			outputPaths = (
			);
			runOnlyForDeploymentPostprocessing = 0;
			shellPath = /bin/sh;
			shellScript = "\"${SRCROOT}/Pods/Target Support Files/Pods-GroceryBuddyUITests/Pods-GroceryBuddyUITests-frameworks.sh\"\n";
			showEnvVarsInLog = 0;
		};
		9419413404D12FBB9BC5682F /* [CP] Check Pods Manifest.lock */ = {
			isa = PBXShellScriptBuildPhase;
			buildActionMask = 2147483647;
			files = (
			);
			inputPaths = (
			);
			name = "[CP] Check Pods Manifest.lock";
			outputPaths = (
			);
			runOnlyForDeploymentPostprocessing = 0;
			shellPath = /bin/sh;
			shellScript = "diff \"${PODS_PODFILE_DIR_PATH}/Podfile.lock\" \"${PODS_ROOT}/Manifest.lock\" > /dev/null\nif [ $? != 0 ] ; then\n    # print error to STDERR\n    echo \"error: The sandbox is not in sync with the Podfile.lock. Run 'pod install' or update your CocoaPods installation.\" >&2\n    exit 1\nfi\n";
			showEnvVarsInLog = 0;
		};
		966D53AE1D8304A6A6F8F495 /* [CP] Check Pods Manifest.lock */ = {
			isa = PBXShellScriptBuildPhase;
			buildActionMask = 2147483647;
			files = (
			);
			inputPaths = (
			);
			name = "[CP] Check Pods Manifest.lock";
			outputPaths = (
			);
			runOnlyForDeploymentPostprocessing = 0;
			shellPath = /bin/sh;
			shellScript = "diff \"${PODS_PODFILE_DIR_PATH}/Podfile.lock\" \"${PODS_ROOT}/Manifest.lock\" > /dev/null\nif [ $? != 0 ] ; then\n    # print error to STDERR\n    echo \"error: The sandbox is not in sync with the Podfile.lock. Run 'pod install' or update your CocoaPods installation.\" >&2\n    exit 1\nfi\n";
			showEnvVarsInLog = 0;
		};
		A35E311B0C062003B7F7A057 /* [CP] Embed Pods Frameworks */ = {
			isa = PBXShellScriptBuildPhase;
			buildActionMask = 2147483647;
			files = (
			);
			inputPaths = (
			);
			name = "[CP] Embed Pods Frameworks";
			outputPaths = (
			);
			runOnlyForDeploymentPostprocessing = 0;
			shellPath = /bin/sh;
			shellScript = "\"${SRCROOT}/Pods/Target Support Files/Pods-GroceryBuddy/Pods-GroceryBuddy-frameworks.sh\"\n";
			showEnvVarsInLog = 0;
		};
		C1D79B252573BD731A89272A /* [CP] Copy Pods Resources */ = {
			isa = PBXShellScriptBuildPhase;
			buildActionMask = 2147483647;
			files = (
			);
			inputPaths = (
			);
			name = "[CP] Copy Pods Resources";
			outputPaths = (
			);
			runOnlyForDeploymentPostprocessing = 0;
			shellPath = /bin/sh;
			shellScript = "\"${SRCROOT}/Pods/Target Support Files/Pods-GroceryBuddy/Pods-GroceryBuddy-resources.sh\"\n";
			showEnvVarsInLog = 0;
		};
		CA13F8F68EF29AD24B2C9B00 /* [CP] Embed Pods Frameworks */ = {
			isa = PBXShellScriptBuildPhase;
			buildActionMask = 2147483647;
			files = (
			);
			inputPaths = (
			);
			name = "[CP] Embed Pods Frameworks";
			outputPaths = (
			);
			runOnlyForDeploymentPostprocessing = 0;
			shellPath = /bin/sh;
			shellScript = "\"${SRCROOT}/Pods/Target Support Files/Pods-GroceryBuddyTests/Pods-GroceryBuddyTests-frameworks.sh\"\n";
			showEnvVarsInLog = 0;
		};
		CFD208373EB8EC3016A09729 /* [CP] Copy Pods Resources */ = {
			isa = PBXShellScriptBuildPhase;
			buildActionMask = 2147483647;
			files = (
			);
			inputPaths = (
			);
			name = "[CP] Copy Pods Resources";
			outputPaths = (
			);
			runOnlyForDeploymentPostprocessing = 0;
			shellPath = /bin/sh;
			shellScript = "\"${SRCROOT}/Pods/Target Support Files/Pods-GroceryBuddyUITests/Pods-GroceryBuddyUITests-resources.sh\"\n";
			showEnvVarsInLog = 0;
		};
		E89FE92970C1E4903845F061 /* [CP] Check Pods Manifest.lock */ = {
			isa = PBXShellScriptBuildPhase;
			buildActionMask = 2147483647;
			files = (
			);
			inputPaths = (
			);
			name = "[CP] Check Pods Manifest.lock";
			outputPaths = (
			);
			runOnlyForDeploymentPostprocessing = 0;
			shellPath = /bin/sh;
			shellScript = "diff \"${PODS_PODFILE_DIR_PATH}/Podfile.lock\" \"${PODS_ROOT}/Manifest.lock\" > /dev/null\nif [ $? != 0 ] ; then\n    # print error to STDERR\n    echo \"error: The sandbox is not in sync with the Podfile.lock. Run 'pod install' or update your CocoaPods installation.\" >&2\n    exit 1\nfi\n";
			showEnvVarsInLog = 0;
		};
/* End PBXShellScriptBuildPhase section */

/* Begin PBXSourcesBuildPhase section */
		10847AB51F91ED4F00729017 /* Sources */ = {
			isa = PBXSourcesBuildPhase;
			buildActionMask = 2147483647;
			files = (
				10847AC11F91ED4F00729017 /* GroceryDetailController.swift in Sources */,
				10847ABD1F91ED4F00729017 /* AppDelegate.swift in Sources */,
				10D8037B1F9283AA00D19133 /* GroceryPhoto.swift in Sources */,
				10847ABF1F91ED4F00729017 /* GroceryPhotoController.swift in Sources */,
			);
			runOnlyForDeploymentPostprocessing = 0;
		};
		10847ACB1F91ED4F00729017 /* Sources */ = {
			isa = PBXSourcesBuildPhase;
			buildActionMask = 2147483647;
			files = (
				10847AD41F91ED4F00729017 /* GroceryBuddyTests.swift in Sources */,
			);
			runOnlyForDeploymentPostprocessing = 0;
		};
		10847AD61F91ED4F00729017 /* Sources */ = {
			isa = PBXSourcesBuildPhase;
			buildActionMask = 2147483647;
			files = (
				10847ADF1F91ED4F00729017 /* GroceryBuddyUITests.swift in Sources */,
			);
			runOnlyForDeploymentPostprocessing = 0;
		};
/* End PBXSourcesBuildPhase section */

/* Begin PBXTargetDependency section */
		10847AD11F91ED4F00729017 /* PBXTargetDependency */ = {
			isa = PBXTargetDependency;
			target = 10847AB81F91ED4F00729017 /* GroceryBuddy */;
			targetProxy = 10847AD01F91ED4F00729017 /* PBXContainerItemProxy */;
		};
		10847ADC1F91ED4F00729017 /* PBXTargetDependency */ = {
			isa = PBXTargetDependency;
			target = 10847AB81F91ED4F00729017 /* GroceryBuddy */;
			targetProxy = 10847ADB1F91ED4F00729017 /* PBXContainerItemProxy */;
		};
/* End PBXTargetDependency section */

/* Begin PBXVariantGroup section */
		10847AC21F91ED4F00729017 /* Main.storyboard */ = {
			isa = PBXVariantGroup;
			children = (
				10847AC31F91ED4F00729017 /* Base */,
			);
			name = Main.storyboard;
			sourceTree = "<group>";
		};
		10847AC71F91ED4F00729017 /* LaunchScreen.storyboard */ = {
			isa = PBXVariantGroup;
			children = (
				10847AC81F91ED4F00729017 /* Base */,
			);
			name = LaunchScreen.storyboard;
			sourceTree = "<group>";
		};
/* End PBXVariantGroup section */

/* Begin XCBuildConfiguration section */
		10847AE11F91ED4F00729017 /* Debug */ = {
			isa = XCBuildConfiguration;
			buildSettings = {
				ALWAYS_SEARCH_USER_PATHS = NO;
				CLANG_ANALYZER_NONNULL = YES;
				CLANG_ANALYZER_NUMBER_OBJECT_CONVERSION = YES_AGGRESSIVE;
				CLANG_CXX_LANGUAGE_STANDARD = "gnu++14";
				CLANG_CXX_LIBRARY = "libc++";
				CLANG_ENABLE_MODULES = YES;
				CLANG_ENABLE_OBJC_ARC = YES;
				CLANG_WARN_BLOCK_CAPTURE_AUTORELEASING = YES;
				CLANG_WARN_BOOL_CONVERSION = YES;
				CLANG_WARN_COMMA = YES;
				CLANG_WARN_CONSTANT_CONVERSION = YES;
				CLANG_WARN_DIRECT_OBJC_ISA_USAGE = YES_ERROR;
				CLANG_WARN_DOCUMENTATION_COMMENTS = YES;
				CLANG_WARN_EMPTY_BODY = YES;
				CLANG_WARN_ENUM_CONVERSION = YES;
				CLANG_WARN_INFINITE_RECURSION = YES;
				CLANG_WARN_INT_CONVERSION = YES;
				CLANG_WARN_NON_LITERAL_NULL_CONVERSION = YES;
				CLANG_WARN_OBJC_LITERAL_CONVERSION = YES;
				CLANG_WARN_OBJC_ROOT_CLASS = YES_ERROR;
				CLANG_WARN_RANGE_LOOP_ANALYSIS = YES;
				CLANG_WARN_STRICT_PROTOTYPES = YES;
				CLANG_WARN_SUSPICIOUS_MOVE = YES;
				CLANG_WARN_UNGUARDED_AVAILABILITY = YES_AGGRESSIVE;
				CLANG_WARN_UNREACHABLE_CODE = YES;
				CLANG_WARN__DUPLICATE_METHOD_MATCH = YES;
				CODE_SIGN_IDENTITY = "iPhone Developer";
				COPY_PHASE_STRIP = NO;
				DEBUG_INFORMATION_FORMAT = dwarf;
				ENABLE_STRICT_OBJC_MSGSEND = YES;
				ENABLE_TESTABILITY = YES;
				GCC_C_LANGUAGE_STANDARD = gnu11;
				GCC_DYNAMIC_NO_PIC = NO;
				GCC_NO_COMMON_BLOCKS = YES;
				GCC_OPTIMIZATION_LEVEL = 0;
				GCC_PREPROCESSOR_DEFINITIONS = (
					"DEBUG=1",
					"$(inherited)",
				);
				GCC_WARN_64_TO_32_BIT_CONVERSION = YES;
				GCC_WARN_ABOUT_RETURN_TYPE = YES_ERROR;
				GCC_WARN_UNDECLARED_SELECTOR = YES;
				GCC_WARN_UNINITIALIZED_AUTOS = YES_AGGRESSIVE;
				GCC_WARN_UNUSED_FUNCTION = YES;
				GCC_WARN_UNUSED_VARIABLE = YES;
				IPHONEOS_DEPLOYMENT_TARGET = 11.0;
				MTL_ENABLE_DEBUG_INFO = YES;
				ONLY_ACTIVE_ARCH = YES;
				SDKROOT = iphoneos;
				SWIFT_ACTIVE_COMPILATION_CONDITIONS = DEBUG;
				SWIFT_OPTIMIZATION_LEVEL = "-Onone";
			};
			name = Debug;
		};
		10847AE21F91ED4F00729017 /* Release */ = {
			isa = XCBuildConfiguration;
			buildSettings = {
				ALWAYS_SEARCH_USER_PATHS = NO;
				CLANG_ANALYZER_NONNULL = YES;
				CLANG_ANALYZER_NUMBER_OBJECT_CONVERSION = YES_AGGRESSIVE;
				CLANG_CXX_LANGUAGE_STANDARD = "gnu++14";
				CLANG_CXX_LIBRARY = "libc++";
				CLANG_ENABLE_MODULES = YES;
				CLANG_ENABLE_OBJC_ARC = YES;
				CLANG_WARN_BLOCK_CAPTURE_AUTORELEASING = YES;
				CLANG_WARN_BOOL_CONVERSION = YES;
				CLANG_WARN_COMMA = YES;
				CLANG_WARN_CONSTANT_CONVERSION = YES;
				CLANG_WARN_DIRECT_OBJC_ISA_USAGE = YES_ERROR;
				CLANG_WARN_DOCUMENTATION_COMMENTS = YES;
				CLANG_WARN_EMPTY_BODY = YES;
				CLANG_WARN_ENUM_CONVERSION = YES;
				CLANG_WARN_INFINITE_RECURSION = YES;
				CLANG_WARN_INT_CONVERSION = YES;
				CLANG_WARN_NON_LITERAL_NULL_CONVERSION = YES;
				CLANG_WARN_OBJC_LITERAL_CONVERSION = YES;
				CLANG_WARN_OBJC_ROOT_CLASS = YES_ERROR;
				CLANG_WARN_RANGE_LOOP_ANALYSIS = YES;
				CLANG_WARN_STRICT_PROTOTYPES = YES;
				CLANG_WARN_SUSPICIOUS_MOVE = YES;
				CLANG_WARN_UNGUARDED_AVAILABILITY = YES_AGGRESSIVE;
				CLANG_WARN_UNREACHABLE_CODE = YES;
				CLANG_WARN__DUPLICATE_METHOD_MATCH = YES;
				CODE_SIGN_IDENTITY = "iPhone Developer";
				COPY_PHASE_STRIP = NO;
				DEBUG_INFORMATION_FORMAT = "dwarf-with-dsym";
				ENABLE_NS_ASSERTIONS = NO;
				ENABLE_STRICT_OBJC_MSGSEND = YES;
				GCC_C_LANGUAGE_STANDARD = gnu11;
				GCC_NO_COMMON_BLOCKS = YES;
				GCC_WARN_64_TO_32_BIT_CONVERSION = YES;
				GCC_WARN_ABOUT_RETURN_TYPE = YES_ERROR;
				GCC_WARN_UNDECLARED_SELECTOR = YES;
				GCC_WARN_UNINITIALIZED_AUTOS = YES_AGGRESSIVE;
				GCC_WARN_UNUSED_FUNCTION = YES;
				GCC_WARN_UNUSED_VARIABLE = YES;
				IPHONEOS_DEPLOYMENT_TARGET = 11.0;
				MTL_ENABLE_DEBUG_INFO = NO;
				SDKROOT = iphoneos;
				SWIFT_OPTIMIZATION_LEVEL = "-Owholemodule";
				VALIDATE_PRODUCT = YES;
			};
			name = Release;
		};
		10847AE41F91ED4F00729017 /* Debug */ = {
			isa = XCBuildConfiguration;
			baseConfigurationReference = 15802855D3A418B322FC28F7 /* Pods-GroceryBuddy.debug.xcconfig */;
			buildSettings = {
				ASSETCATALOG_COMPILER_APPICON_NAME = AppIcon;
				CODE_SIGN_STYLE = Automatic;
				DEVELOPMENT_TEAM = 3535BPJH56;
				INFOPLIST_FILE = GroceryBuddy/Info.plist;
				LD_RUNPATH_SEARCH_PATHS = "$(inherited) @executable_path/Frameworks";
				PRODUCT_BUNDLE_IDENTIFIER = kevinliao.GroceryBuddy;
				PRODUCT_NAME = "$(TARGET_NAME)";
				SWIFT_VERSION = 4.0;
				TARGETED_DEVICE_FAMILY = "1,2";
			};
			name = Debug;
		};
		10847AE51F91ED4F00729017 /* Release */ = {
			isa = XCBuildConfiguration;
			baseConfigurationReference = 50B82906BFA79935CCE4E006 /* Pods-GroceryBuddy.release.xcconfig */;
			buildSettings = {
				ASSETCATALOG_COMPILER_APPICON_NAME = AppIcon;
				CODE_SIGN_STYLE = Automatic;
				DEVELOPMENT_TEAM = 3535BPJH56;
				INFOPLIST_FILE = GroceryBuddy/Info.plist;
				LD_RUNPATH_SEARCH_PATHS = "$(inherited) @executable_path/Frameworks";
				PRODUCT_BUNDLE_IDENTIFIER = kevinliao.GroceryBuddy;
				PRODUCT_NAME = "$(TARGET_NAME)";
				SWIFT_VERSION = 4.0;
				TARGETED_DEVICE_FAMILY = "1,2";
			};
			name = Release;
		};
		10847AE71F91ED4F00729017 /* Debug */ = {
			isa = XCBuildConfiguration;
			baseConfigurationReference = 425577D9AE35D996B3403D3D /* Pods-GroceryBuddyTests.debug.xcconfig */;
			buildSettings = {
				ALWAYS_EMBED_SWIFT_STANDARD_LIBRARIES = YES;
				BUNDLE_LOADER = "$(TEST_HOST)";
				CODE_SIGN_STYLE = Automatic;
				DEVELOPMENT_TEAM = 3535BPJH56;
				INFOPLIST_FILE = GroceryBuddyTests/Info.plist;
				LD_RUNPATH_SEARCH_PATHS = "$(inherited) @executable_path/Frameworks @loader_path/Frameworks";
				PRODUCT_BUNDLE_IDENTIFIER = kevinliao.GroceryBuddyTests;
				PRODUCT_NAME = "$(TARGET_NAME)";
				SWIFT_VERSION = 4.0;
				TARGETED_DEVICE_FAMILY = "1,2";
				TEST_HOST = "$(BUILT_PRODUCTS_DIR)/GroceryBuddy.app/GroceryBuddy";
			};
			name = Debug;
		};
		10847AE81F91ED4F00729017 /* Release */ = {
			isa = XCBuildConfiguration;
			baseConfigurationReference = 5EAAF495918611397B230ED2 /* Pods-GroceryBuddyTests.release.xcconfig */;
			buildSettings = {
				ALWAYS_EMBED_SWIFT_STANDARD_LIBRARIES = YES;
				BUNDLE_LOADER = "$(TEST_HOST)";
				CODE_SIGN_STYLE = Automatic;
				DEVELOPMENT_TEAM = 3535BPJH56;
				INFOPLIST_FILE = GroceryBuddyTests/Info.plist;
				LD_RUNPATH_SEARCH_PATHS = "$(inherited) @executable_path/Frameworks @loader_path/Frameworks";
				PRODUCT_BUNDLE_IDENTIFIER = kevinliao.GroceryBuddyTests;
				PRODUCT_NAME = "$(TARGET_NAME)";
				SWIFT_VERSION = 4.0;
				TARGETED_DEVICE_FAMILY = "1,2";
				TEST_HOST = "$(BUILT_PRODUCTS_DIR)/GroceryBuddy.app/GroceryBuddy";
			};
			name = Release;
		};
		10847AEA1F91ED4F00729017 /* Debug */ = {
			isa = XCBuildConfiguration;
			baseConfigurationReference = 2D20B7A2FBED768984F2AA16 /* Pods-GroceryBuddyUITests.debug.xcconfig */;
			buildSettings = {
				ALWAYS_EMBED_SWIFT_STANDARD_LIBRARIES = YES;
				CODE_SIGN_STYLE = Automatic;
				DEVELOPMENT_TEAM = 3535BPJH56;
				INFOPLIST_FILE = GroceryBuddyUITests/Info.plist;
				LD_RUNPATH_SEARCH_PATHS = "$(inherited) @executable_path/Frameworks @loader_path/Frameworks";
				PRODUCT_BUNDLE_IDENTIFIER = kevinliao.GroceryBuddyUITests;
				PRODUCT_NAME = "$(TARGET_NAME)";
				SWIFT_VERSION = 4.0;
				TARGETED_DEVICE_FAMILY = "1,2";
				TEST_TARGET_NAME = GroceryBuddy;
			};
			name = Debug;
		};
		10847AEB1F91ED4F00729017 /* Release */ = {
			isa = XCBuildConfiguration;
			baseConfigurationReference = A89956B33052075B990C7491 /* Pods-GroceryBuddyUITests.release.xcconfig */;
			buildSettings = {
				ALWAYS_EMBED_SWIFT_STANDARD_LIBRARIES = YES;
				CODE_SIGN_STYLE = Automatic;
				DEVELOPMENT_TEAM = 3535BPJH56;
				INFOPLIST_FILE = GroceryBuddyUITests/Info.plist;
				LD_RUNPATH_SEARCH_PATHS = "$(inherited) @executable_path/Frameworks @loader_path/Frameworks";
				PRODUCT_BUNDLE_IDENTIFIER = kevinliao.GroceryBuddyUITests;
				PRODUCT_NAME = "$(TARGET_NAME)";
				SWIFT_VERSION = 4.0;
				TARGETED_DEVICE_FAMILY = "1,2";
				TEST_TARGET_NAME = GroceryBuddy;
			};
			name = Release;
		};
/* End XCBuildConfiguration section */

/* Begin XCConfigurationList section */
		10847AB41F91ED4F00729017 /* Build configuration list for PBXProject "GroceryBuddy" */ = {
			isa = XCConfigurationList;
			buildConfigurations = (
				10847AE11F91ED4F00729017 /* Debug */,
				10847AE21F91ED4F00729017 /* Release */,
			);
			defaultConfigurationIsVisible = 0;
			defaultConfigurationName = Release;
		};
		10847AE31F91ED4F00729017 /* Build configuration list for PBXNativeTarget "GroceryBuddy" */ = {
			isa = XCConfigurationList;
			buildConfigurations = (
				10847AE41F91ED4F00729017 /* Debug */,
				10847AE51F91ED4F00729017 /* Release */,
			);
			defaultConfigurationIsVisible = 0;
			defaultConfigurationName = Release;
		};
		10847AE61F91ED4F00729017 /* Build configuration list for PBXNativeTarget "GroceryBuddyTests" */ = {
			isa = XCConfigurationList;
			buildConfigurations = (
				10847AE71F91ED4F00729017 /* Debug */,
				10847AE81F91ED4F00729017 /* Release */,
			);
			defaultConfigurationIsVisible = 0;
			defaultConfigurationName = Release;
		};
		10847AE91F91ED4F00729017 /* Build configuration list for PBXNativeTarget "GroceryBuddyUITests" */ = {
			isa = XCConfigurationList;
			buildConfigurations = (
				10847AEA1F91ED4F00729017 /* Debug */,
				10847AEB1F91ED4F00729017 /* Release */,
			);
			defaultConfigurationIsVisible = 0;
			defaultConfigurationName = Release;
		};
/* End XCConfigurationList section */
	};
	rootObject = 10847AB11F91ED4F00729017 /* Project object */;
}
